# This file is autogenerated, do not edit; changes may be undone by the next 'dep ensure'.


[[projects]]
  name = "github.com/tanksuzuki/dep-c"
  packages = ["."]
  revision = "b3a95f8e33a7d188f790794602cc51d31c22d5f4"
  version = "v1.1.0"

[solve-meta]
  analyzer-name = "dep"
  analyzer-version = 1
  inputs-digest = "92bc62f01d2900f320492c8f25405a7027d75f47d6f25f98361c6558970602f8"
  solver-name = "gps-cdcl"
  solver-version = 1
